
Microsoft Visual Studio Solution File, Format Version 12.00
# Visual Studio Version 16
VisualStudioVersion = 16.0.31515.178
MinimumVisualStudioVersion = 10.0.40219.1
Project("{FAE04EC0-301F-11D3-BF4B-00C04F79EFBC}") = "ToDoList", "ToDoList\ToDoList.csproj", "{B9F669FE-A0FD-4E74-8837-B2AD7D9A7BC0}"
EndProject
Global
	GlobalSection(SolutionConfigurationPlatforms) = preSolution
		Debug|Any CPU = Debug|Any CPU
		Release|Any CPU = Release|Any CPU
	EndGlobalSection
	GlobalSection(ProjectConfigurationPlatforms) = postSolution
		{B9F669FE-A0FD-4E74-8837-B2AD7D9A7BC0}.Debug|Any CPU.ActiveCfg = Debug|Any CPU
		{B9F669FE-A0FD-4E74-8837-B2AD7D9A7BC0}.Debug|Any CPU.Build.0 = Debug|Any CPU
		{B9F669FE-A0FD-4E74-8837-B2AD7D9A7BC0}.Release|Any CPU.ActiveCfg = Release|Any CPU
		{B9F669FE-A0FD-4E74-8837-B2AD7D9A7BC0}.Release|Any CPU.Build.0 = Release|Any CPU
	EndGlobalSection
	GlobalSection(SolutionProperties) = preSolution
		HideSolutionNode = FALSE
	EndGlobalSection
	GlobalSection(ExtensibilityGlobals) = postSolution
		SolutionGuid = {425A4650-E64F-44AE-B58A-A72A75B5AB92}
	EndGlobalSection
EndGlobal
